
Microsoft Visual Studio Solution File, Format Version 12.00
# Visual Studio Version 17
VisualStudioVersion = 17.8.34330.188
MinimumVisualStudioVersion = 10.0.40219.1
Project("{9A19103F-16F7-4668-BE54-9A1E7A4F7556}") = "SpecFlowWithAzure", "SpecFlowProject1\SpecFlowWithAzure.csproj", "{FC6503C2-60FA-42DB-B5F0-B1D75F098706}"
EndProject
Global
	GlobalSection(SolutionConfigurationPlatforms) = preSolution
		Debug|Any CPU = Debug|Any CPU
		Release|Any CPU = Release|Any CPU
	EndGlobalSection
	GlobalSection(ProjectConfigurationPlatforms) = postSolution
		{FC6503C2-60FA-42DB-B5F0-B1D75F098706}.Debug|Any CPU.ActiveCfg = Debug|Any CPU
		{FC6503C2-60FA-42DB-B5F0-B1D75F098706}.Debug|Any CPU.Build.0 = Debug|Any CPU
		{FC6503C2-60FA-42DB-B5F0-B1D75F098706}.Release|Any CPU.ActiveCfg = Release|Any CPU
		{FC6503C2-60FA-42DB-B5F0-B1D75F098706}.Release|Any CPU.Build.0 = Release|Any CPU
	EndGlobalSection
	GlobalSection(SolutionProperties) = preSolution
		HideSolutionNode = FALSE
	EndGlobalSection
	GlobalSection(ExtensibilityGlobals) = postSolution
		SolutionGuid = {41356F84-EF4A-4280-B28C-48A01A8580E3}
	EndGlobalSection
EndGlobal
